
Microsoft Visual Studio Solution File, Format Version 12.00
# Visual Studio 15
VisualStudioVersion = 15.0.28010.2048
MinimumVisualStudioVersion = 10.0.40219.1
Project("{FAE04EC0-301F-11D3-BF4B-00C04F79EFBC}") = "GalaxyGame", "GalaxyGame\GalaxyGame.csproj", "{F29795C5-A8D3-4AE6-918F-B7E119985C47}"
EndProject
Global
	GlobalSection(SolutionConfigurationPlatforms) = preSolution
		Debug|Any CPU = Debug|Any CPU
		Release|Any CPU = Release|Any CPU
	EndGlobalSection
	GlobalSection(ProjectConfigurationPlatforms) = postSolution
		{F29795C5-A8D3-4AE6-918F-B7E119985C47}.Debug|Any CPU.ActiveCfg = Debug|Any CPU
		{F29795C5-A8D3-4AE6-918F-B7E119985C47}.Debug|Any CPU.Build.0 = Debug|Any CPU
		{F29795C5-A8D3-4AE6-918F-B7E119985C47}.Release|Any CPU.ActiveCfg = Release|Any CPU
		{F29795C5-A8D3-4AE6-918F-B7E119985C47}.Release|Any CPU.Build.0 = Release|Any CPU
	EndGlobalSection
	GlobalSection(SolutionProperties) = preSolution
		HideSolutionNode = FALSE
	EndGlobalSection
	GlobalSection(ExtensibilityGlobals) = postSolution
		SolutionGuid = {2FA0F905-B917-4FF2-A0F6-B29A2CD4DD45}
	EndGlobalSection
EndGlobal
